
Microsoft Visual Studio Solution File, Format Version 12.00
# Visual Studio Version 17
VisualStudioVersion = 17.2.32630.192
MinimumVisualStudioVersion = 10.0.40219.1
Project("{9A19103F-16F7-4668-BE54-9A1E7A4F7556}") = "WebAPI", "AttendanceDeleterWebAPI\WebAPI.csproj", "{97966551-19DD-4649-9C38-E82D0E23AC81}"
EndProject
Project("{9A19103F-16F7-4668-BE54-9A1E7A4F7556}") = "TestWebAPIWithConsole", "TestWebAPIWithConsole\TestWebAPIWithConsole.csproj", "{B758875F-4B9B-446C-9A62-91CA5FA9ADEB}"
EndProject
Project("{FAE04EC0-301F-11D3-BF4B-00C04F79EFBC}") = "UnitTest", "UnitTest\UnitTest.csproj", "{D1D62750-5E2D-4A1F-8B8C-CF81D6D16ECC}"
EndProject
Global
	GlobalSection(SolutionConfigurationPlatforms) = preSolution
		Debug|Any CPU = Debug|Any CPU
		Release|Any CPU = Release|Any CPU
	EndGlobalSection
	GlobalSection(ProjectConfigurationPlatforms) = postSolution
		{97966551-19DD-4649-9C38-E82D0E23AC81}.Debug|Any CPU.ActiveCfg = Debug|Any CPU
		{97966551-19DD-4649-9C38-E82D0E23AC81}.Debug|Any CPU.Build.0 = Debug|Any CPU
		{97966551-19DD-4649-9C38-E82D0E23AC81}.Release|Any CPU.ActiveCfg = Release|Any CPU
		{97966551-19DD-4649-9C38-E82D0E23AC81}.Release|Any CPU.Build.0 = Release|Any CPU
		{B758875F-4B9B-446C-9A62-91CA5FA9ADEB}.Debug|Any CPU.ActiveCfg = Debug|Any CPU
		{B758875F-4B9B-446C-9A62-91CA5FA9ADEB}.Debug|Any CPU.Build.0 = Debug|Any CPU
		{B758875F-4B9B-446C-9A62-91CA5FA9ADEB}.Release|Any CPU.ActiveCfg = Release|Any CPU
		{B758875F-4B9B-446C-9A62-91CA5FA9ADEB}.Release|Any CPU.Build.0 = Release|Any CPU
		{D1D62750-5E2D-4A1F-8B8C-CF81D6D16ECC}.Debug|Any CPU.ActiveCfg = Debug|Any CPU
		{D1D62750-5E2D-4A1F-8B8C-CF81D6D16ECC}.Debug|Any CPU.Build.0 = Debug|Any CPU
		{D1D62750-5E2D-4A1F-8B8C-CF81D6D16ECC}.Release|Any CPU.ActiveCfg = Release|Any CPU
		{D1D62750-5E2D-4A1F-8B8C-CF81D6D16ECC}.Release|Any CPU.Build.0 = Release|Any CPU
	EndGlobalSection
	GlobalSection(SolutionProperties) = preSolution
		HideSolutionNode = FALSE
	EndGlobalSection
	GlobalSection(ExtensibilityGlobals) = postSolution
		SolutionGuid = {8C796347-E298-477F-973A-E336BD4AD25F}
	EndGlobalSection
EndGlobal
